
Microsoft Visual Studio Solution File, Format Version 12.00
# Visual Studio Version 16
VisualStudioVersion = 16.0.32228.343
MinimumVisualStudioVersion = 10.0.40219.1
Project("{FAE04EC0-301F-11D3-BF4B-00C04F79EFBC}") = "AeroProPlanProductionApp", "AeroProPlanProductionApp\AeroProPlanProductionApp.csproj", "{25AEEC0A-6102-4D28-A8A2-13F96BD53387}"
EndProject
Global
	GlobalSection(SolutionConfigurationPlatforms) = preSolution
		Debug|Any CPU = Debug|Any CPU
		Release|Any CPU = Release|Any CPU
	EndGlobalSection
	GlobalSection(ProjectConfigurationPlatforms) = postSolution
		{25AEEC0A-6102-4D28-A8A2-13F96BD53387}.Debug|Any CPU.ActiveCfg = Debug|Any CPU
		{25AEEC0A-6102-4D28-A8A2-13F96BD53387}.Debug|Any CPU.Build.0 = Debug|Any CPU
		{25AEEC0A-6102-4D28-A8A2-13F96BD53387}.Release|Any CPU.ActiveCfg = Release|Any CPU
		{25AEEC0A-6102-4D28-A8A2-13F96BD53387}.Release|Any CPU.Build.0 = Release|Any CPU
	EndGlobalSection
	GlobalSection(SolutionProperties) = preSolution
		HideSolutionNode = FALSE
	EndGlobalSection
	GlobalSection(ExtensibilityGlobals) = postSolution
		SolutionGuid = {A6C94F8E-9046-4A1E-A4B2-C9EFFE173914}
	EndGlobalSection
EndGlobal
